
Microsoft Visual Studio Solution File, Format Version 12.00
# Visual Studio 15
VisualStudioVersion = 15.0.28307.1022
MinimumVisualStudioVersion = 10.0.40219.1
Project("{FAE04EC0-301F-11D3-BF4B-00C04F79EFBC}") = "Lesson2", "Lesson2\Lesson2.csproj", "{71D30AF9-0AF0-44B6-8440-16C197C0888B}"
EndProject
Global
	GlobalSection(SolutionConfigurationPlatforms) = preSolution
		Debug|Any CPU = Debug|Any CPU
		Release|Any CPU = Release|Any CPU
	EndGlobalSection
	GlobalSection(ProjectConfigurationPlatforms) = postSolution
		{71D30AF9-0AF0-44B6-8440-16C197C0888B}.Debug|Any CPU.ActiveCfg = Debug|Any CPU
		{71D30AF9-0AF0-44B6-8440-16C197C0888B}.Debug|Any CPU.Build.0 = Debug|Any CPU
		{71D30AF9-0AF0-44B6-8440-16C197C0888B}.Release|Any CPU.ActiveCfg = Release|Any CPU
		{71D30AF9-0AF0-44B6-8440-16C197C0888B}.Release|Any CPU.Build.0 = Release|Any CPU
	EndGlobalSection
	GlobalSection(SolutionProperties) = preSolution
		HideSolutionNode = FALSE
	EndGlobalSection
	GlobalSection(ExtensibilityGlobals) = postSolution
		SolutionGuid = {B8ABD78A-8B32-4E43-9187-25369794DABA}
	EndGlobalSection
EndGlobal
